{
    "_readme": [
        "This file locks the dependencies of your project to a known state",
        "Read more about it at https://getcomposer.org/doc/01-basic-usage.md#composer-lock-the-lock-file",
        "This file is @generated automatically"
    ],
    "hash": "c201874bedb58674e01a33a8e6463c33",
    "content-hash": "3848ab43640ec0ef52bbfd6db28ca7e0",
    "packages": [],
    "packages-dev": [
        {
            "name": "phake/phake",
            "version": "V2.0.0",
            "source": {
                "type": "git",
                "url": "https://github.com/mlively/Phake.git",
                "reference": "5d880b31f57dba8502ac709157bea4ed829b5875"
            },
            "dist": {
                "type": "zip",
                "url": "https://api.github.com/repos/mlively/Phake/zipball/5d880b31f57dba8502ac709157bea4ed829b5875",
                "reference": "5d880b31f57dba8502ac709157bea4ed829b5875",
                "shasum": ""
            },
            "require": {
                "php": ">=5.3.3"
            },
            "require-dev": {
                "doctrine/common": "2.3.*",
                "ext-soap": "*",
                "hamcrest/hamcrest-php": "1.1.*",
                "phpunit/phpunit": "3.7.*"
            },
            "suggest": {
                "doctrine/common": "Allows mock annotations to use import statements for classes.",
                "hamcrest/hamcrest-php": "Use Hamcrest matchers."
            },
            "type": "library",
            "extra": {
                "branch-alias": {
                    "dev-master": "2.0-dev"
                }
            },
            "autoload": {
                "psr-0": {
                    "Phake": "src/"
                }
            },
            "notification-url": "https://packagist.org/downloads/",
            "license": [
                "BSD-3-Clause"
            ],
            "authors": [
                {
                    "name": "Mike Lively",
                    "email": "m@digitalsandwich.com"
                }
            ],
            "description": "The Phake mock testing library",
            "homepage": "https://github.com/mlively/Phake",
            "keywords": [
                "mock",
                "testing"
            ],
            "time": "2015-02-23 08:34:12"
        }
    ],
    "aliases": [],
    "minimum-stability": "stable",
    "stability-flags": [],
    "prefer-stable": false,
    "prefer-lowest": false,
    "platform": [],
    "platform-dev": []
}
